
Microsoft Visual Studio Solution File, Format Version 12.00
# Visual Studio Version 16
VisualStudioVersion = 16.0.30907.101
MinimumVisualStudioVersion = 10.0.40219.1
Project("{FAE04EC0-301F-11D3-BF4B-00C04F79EFBC}") = "AreYouTheOneCalculator", "AreYouTheOneCalculator\AreYouTheOneCalculator.csproj", "{D8B80114-2468-446E-8C47-21CCF23D92E5}"
EndProject
Global
	GlobalSection(SolutionConfigurationPlatforms) = preSolution
		Debug|Any CPU = Debug|Any CPU
		Release|Any CPU = Release|Any CPU
	EndGlobalSection
	GlobalSection(ProjectConfigurationPlatforms) = postSolution
		{D8B80114-2468-446E-8C47-21CCF23D92E5}.Debug|Any CPU.ActiveCfg = Debug|Any CPU
		{D8B80114-2468-446E-8C47-21CCF23D92E5}.Debug|Any CPU.Build.0 = Debug|Any CPU
		{D8B80114-2468-446E-8C47-21CCF23D92E5}.Release|Any CPU.ActiveCfg = Release|Any CPU
		{D8B80114-2468-446E-8C47-21CCF23D92E5}.Release|Any CPU.Build.0 = Release|Any CPU
	EndGlobalSection
	GlobalSection(SolutionProperties) = preSolution
		HideSolutionNode = FALSE
	EndGlobalSection
	GlobalSection(ExtensibilityGlobals) = postSolution
		SolutionGuid = {2E998B05-8B4E-4F9A-8735-B37BBB767A76}
	EndGlobalSection
EndGlobal
